// !$*UTF8*$!
{
	archiveVersion = 1;
	classes = {
	};
	objectVersion = 56;
	objects = {

/* Begin PBXBuildFile section */
		C78AE9912FA2EA7800948EB1 /* AppDelegate.swift in Sources */ = {isa = PBXBuildFile; fileRef = C78AE9902FA2EA7800948EB1 /* AppDelegate.swift */; };
		C78AE9932FA2EA7800948EB1 /* SceneDelegate.swift in Sources */ = {isa = PBXBuildFile; fileRef = C78AE9922FA2EA7800948EB1 /* SceneDelegate.swift */; };
		C78AE99A2FA2EA7A00948EB1 /* Assets.xcassets in Resources */ = {isa = PBXBuildFile; fileRef = C78AE9992FA2EA7A00948EB1 /* Assets.xcassets */; };
		C78AE99D2FA2EA7A00948EB1 /* Base in Resources */ = {isa = PBXBuildFile; fileRef = C78AE99C2FA2EA7A00948EB1 /* Base */; };
		C78AE9A52FA2EDCD00948EB1 /* Models.swift in Sources */ = {isa = PBXBuildFile; fileRef = C78AE9A42FA2EDCD00948EB1 /* Models.swift */; };
		C78AE9A72FA2EF1400948EB1 /* AddressManager.swift in Sources */ = {isa = PBXBuildFile; fileRef = C78AE9A62FA2EF1400948EB1 /* AddressManager.swift */; };
		C78AE9A92FA2EFC300948EB1 /* AddressListViewController.swift in Sources */ = {isa = PBXBuildFile; fileRef = C78AE9A82FA2EFC300948EB1 /* AddressListViewController.swift */; };
		C78AE9AC2FA3273500948EB1 /* AddressTableViewCell.swift in Sources */ = {isa = PBXBuildFile; fileRef = C78AE9AB2FA3273500948EB1 /* AddressTableViewCell.swift */; };
		C78AE9AF2FA327A900948EB1 /* EditAddressViewController.swift in Sources */ = {isa = PBXBuildFile; fileRef = C78AE9AE2FA327A900948EB1 /* EditAddressViewController.swift */; };
		C78AE9B32FA32DE300948EB1 /* Address.csv in Resources */ = {isa = PBXBuildFile; fileRef = C78AE9B02FA3297A00948EB1 /* Address.csv */; };
/* End PBXBuildFile section */

/* Begin PBXFileReference section */
		C78AE98D2FA2EA7800948EB1 /* AddressesCatalog.app */ = {isa = PBXFileReference; explicitFileType = wrapper.application; includeInIndex = 0; path = AddressesCatalog.app; sourceTree = BUILT_PRODUCTS_DIR; };
		C78AE9902FA2EA7800948EB1 /* AppDelegate.swift */ = {isa = PBXFileReference; lastKnownFileType = sourcecode.swift; path = AppDelegate.swift; sourceTree = "<group>"; };
		C78AE9922FA2EA7800948EB1 /* SceneDelegate.swift */ = {isa = PBXFileReference; lastKnownFileType = sourcecode.swift; path = SceneDelegate.swift; sourceTree = "<group>"; };
		C78AE9992FA2EA7A00948EB1 /* Assets.xcassets */ = {isa = PBXFileReference; lastKnownFileType = folder.assetcatalog; path = Assets.xcassets; sourceTree = "<group>"; };
		C78AE99C2FA2EA7A00948EB1 /* Base */ = {isa = PBXFileReference; lastKnownFileType = file.storyboard; name = Base; path = Base.lproj/LaunchScreen.storyboard; sourceTree = "<group>"; };
		C78AE99E2FA2EA7A00948EB1 /* Info.plist */ = {isa = PBXFileReference; lastKnownFileType = text.plist.xml; path = Info.plist; sourceTree = "<group>"; };
		C78AE9A42FA2EDCD00948EB1 /* Models.swift */ = {isa = PBXFileReference; lastKnownFileType = sourcecode.swift; path = Models.swift; sourceTree = "<group>"; };
		C78AE9A62FA2EF1400948EB1 /* AddressManager.swift */ = {isa = PBXFileReference; lastKnownFileType = sourcecode.swift; path = AddressManager.swift; sourceTree = "<group>"; };
		C78AE9A82FA2EFC300948EB1 /* AddressListViewController.swift */ = {isa = PBXFileReference; lastKnownFileType = sourcecode.swift; path = AddressListViewController.swift; sourceTree = "<group>"; };
		C78AE9AB2FA3273500948EB1 /* AddressTableViewCell.swift */ = {isa = PBXFileReference; lastKnownFileType = sourcecode.swift; path = AddressTableViewCell.swift; sourceTree = "<group>"; };
		C78AE9AE2FA327A900948EB1 /* EditAddressViewController.swift */ = {isa = PBXFileReference; lastKnownFileType = sourcecode.swift; path = EditAddressViewController.swift; sourceTree = "<group>"; };
		C78AE9B02FA3297A00948EB1 /* Address.csv */ = {isa = PBXFileReference; fileEncoding = 4; lastKnownFileType = text; path = Address.csv; sourceTree = "<group>"; usesTabs = 0; };
/* End PBXFileReference section */

/* Begin PBXFrameworksBuildPhase section */
		C78AE98A2FA2EA7800948EB1 /* Frameworks */ = {
			isa = PBXFrameworksBuildPhase;
			buildActionMask = 2147483647;
			files = (
			);
			runOnlyForDeploymentPostprocessing = 0;
		};
/* End PBXFrameworksBuildPhase section */

/* Begin PBXGroup section */
		C78AE9842FA2EA7800948EB1 = {
			isa = PBXGroup;
			children = (
				C78AE98F2FA2EA7800948EB1 /* AddressesCatalog */,
				C78AE98E2FA2EA7800948EB1 /* Products */,
			);
			sourceTree = "<group>";
		};
		C78AE98E2FA2EA7800948EB1 /* Products */ = {
			isa = PBXGroup;
			children = (
				C78AE98D2FA2EA7800948EB1 /* AddressesCatalog.app */,
			);
			name = Products;
			sourceTree = "<group>";
		};
		C78AE98F2FA2EA7800948EB1 /* AddressesCatalog */ = {
			isa = PBXGroup;
			children = (
				C78AE9B02FA3297A00948EB1 /* Address.csv */,
				C78AE9B52FA334D300948EB1 /* Helpers */,
				C78AE9B42FA334B100948EB1 /* Models */,
				C78AE9AD2FA3279E00948EB1 /* Subviews */,
				C78AE9AA2FA3270800948EB1 /* Cells */,
				C78AE9902FA2EA7800948EB1 /* AppDelegate.swift */,
				C78AE9922FA2EA7800948EB1 /* SceneDelegate.swift */,
				C78AE9992FA2EA7A00948EB1 /* Assets.xcassets */,
				C78AE99B2FA2EA7A00948EB1 /* LaunchScreen.storyboard */,
				C78AE99E2FA2EA7A00948EB1 /* Info.plist */,
				C78AE9A82FA2EFC300948EB1 /* AddressListViewController.swift */,
			);
			path = AddressesCatalog;
			sourceTree = "<group>";
		};
		C78AE9AA2FA3270800948EB1 /* Cells */ = {
			isa = PBXGroup;
			children = (
				C78AE9AB2FA3273500948EB1 /* AddressTableViewCell.swift */,
			);
			path = Cells;
			sourceTree = "<group>";
		};
		C78AE9AD2FA3279E00948EB1 /* Subviews */ = {
			isa = PBXGroup;
			children = (
				C78AE9AE2FA327A900948EB1 /* EditAddressViewController.swift */,
			);
			path = Subviews;
			sourceTree = "<group>";
		};
		C78AE9B42FA334B100948EB1 /* Models */ = {
			isa = PBXGroup;
			children = (
				C78AE9A42FA2EDCD00948EB1 /* Models.swift */,
			);
			path = Models;
			sourceTree = "<group>";
		};
		C78AE9B52FA334D300948EB1 /* Helpers */ = {
			isa = PBXGroup;
			children = (
				C78AE9A62FA2EF1400948EB1 /* AddressManager.swift */,
			);
			path = Helpers;
			sourceTree = "<group>";
		};
/* End PBXGroup section */

/* Begin PBXNativeTarget section */
		C78AE98C2FA2EA7800948EB1 /* AddressesCatalog */ = {
			isa = PBXNativeTarget;
			buildConfigurationList = C78AE9A12FA2EA7A00948EB1 /* Build configuration list for PBXNativeTarget "AddressesCatalog" */;
			buildPhases = (
				C78AE9892FA2EA7800948EB1 /* Sources */,
				C78AE98A2FA2EA7800948EB1 /* Frameworks */,
				C78AE98B2FA2EA7800948EB1 /* Resources */,
			);
			buildRules = (
			);
			dependencies = (
			);
			name = AddressesCatalog;
			productName = AddressesCatalog;
			productReference = C78AE98D2FA2EA7800948EB1 /* AddressesCatalog.app */;
			productType = "com.apple.product-type.application";
		};
/* End PBXNativeTarget section */

/* Begin PBXProject section */
		C78AE9852FA2EA7800948EB1 /* Project object */ = {
			isa = PBXProject;
			attributes = {
				BuildIndependentTargetsInParallel = 1;
				LastSwiftUpdateCheck = 1540;
				LastUpgradeCheck = 1540;
				TargetAttributes = {
					C78AE98C2FA2EA7800948EB1 = {
						CreatedOnToolsVersion = 15.4;
					};
				};
			};
			buildConfigurationList = C78AE9882FA2EA7800948EB1 /* Build configuration list for PBXProject "AddressesCatalog" */;
			compatibilityVersion = "Xcode 14.0";
			developmentRegion = en;
			hasScannedForEncodings = 0;
			knownRegions = (
				en,
				Base,
			);
			mainGroup = C78AE9842FA2EA7800948EB1;
			productRefGroup = C78AE98E2FA2EA7800948EB1 /* Products */;
			projectDirPath = "";
			projectRoot = "";
			targets = (
				C78AE98C2FA2EA7800948EB1 /* AddressesCatalog */,
			);
		};
/* End PBXProject section */

/* Begin PBXResourcesBuildPhase section */
		C78AE98B2FA2EA7800948EB1 /* Resources */ = {
			isa = PBXResourcesBuildPhase;
			buildActionMask = 2147483647;
			files = (
				C78AE99A2FA2EA7A00948EB1 /* Assets.xcassets in Resources */,
				C78AE99D2FA2EA7A00948EB1 /* Base in Resources */,
				C78AE9B32FA32DE300948EB1 /* Address.csv in Resources */,
			);
			runOnlyForDeploymentPostprocessing = 0;
		};
/* End PBXResourcesBuildPhase section */

/* Begin PBXSourcesBuildPhase section */
		C78AE9892FA2EA7800948EB1 /* Sources */ = {
			isa = PBXSourcesBuildPhase;
			buildActionMask = 2147483647;
			files = (
				C78AE9912FA2EA7800948EB1 /* AppDelegate.swift in Sources */,
				C78AE9932FA2EA7800948EB1 /* SceneDelegate.swift in Sources */,
				C78AE9AC2FA3273500948EB1 /* AddressTableViewCell.swift in Sources */,
				C78AE9A92FA2EFC300948EB1 /* AddressListViewController.swift in Sources */,
				C78AE9AF2FA327A900948EB1 /* EditAddressViewController.swift in Sources */,
				C78AE9A52FA2EDCD00948EB1 /* Models.swift in Sources */,
				C78AE9A72FA2EF1400948EB1 /* AddressManager.swift in Sources */,
			);
			runOnlyForDeploymentPostprocessing = 0;
		};
/* End PBXSourcesBuildPhase section */

/* Begin PBXVariantGroup section */
		C78AE99B2FA2EA7A00948EB1 /* LaunchScreen.storyboard */ = {
			isa = PBXVariantGroup;
			children = (
				C78AE99C2FA2EA7A00948EB1 /* Base */,
			);
			name = LaunchScreen.storyboard;
			sourceTree = "<group>";
		};
/* End PBXVariantGroup section */

/* Begin XCBuildConfiguration section */
		C78AE99F2FA2EA7A00948EB1 /* Debug */ = {
			isa = XCBuildConfiguration;
			buildSettings = {
				ALWAYS_SEARCH_USER_PATHS = NO;
				ASSETCATALOG_COMPILER_GENERATE_SWIFT_ASSET_SYMBOL_EXTENSIONS = YES;
				CLANG_ANALYZER_NONNULL = YES;
				CLANG_ANALYZER_NUMBER_OBJECT_CONVERSION = YES_AGGRESSIVE;
				CLANG_CXX_LANGUAGE_STANDARD = "gnu++20";
				CLANG_ENABLE_MODULES = YES;
				CLANG_ENABLE_OBJC_ARC = YES;
				CLANG_ENABLE_OBJC_WEAK = YES;
				CLANG_WARN_BLOCK_CAPTURE_AUTORELEASING = YES;
				CLANG_WARN_BOOL_CONVERSION = YES;
				CLANG_WARN_COMMA = YES;
				CLANG_WARN_CONSTANT_CONVERSION = YES;
				CLANG_WARN_DEPRECATED_OBJC_IMPLEMENTATIONS = YES;
				CLANG_WARN_DIRECT_OBJC_ISA_USAGE = YES_ERROR;
				CLANG_WARN_DOCUMENTATION_COMMENTS = YES;
				CLANG_WARN_EMPTY_BODY = YES;
				CLANG_WARN_ENUM_CONVERSION = YES;
				CLANG_WARN_INFINITE_RECURSION = YES;
				CLANG_WARN_INT_CONVERSION = YES;
				CLANG_WARN_NON_LITERAL_NULL_CONVERSION = YES;
				CLANG_WARN_OBJC_IMPLICIT_RETAIN_SELF = YES;
				CLANG_WARN_OBJC_LITERAL_CONVERSION = YES;
				CLANG_WARN_OBJC_ROOT_CLASS = YES_ERROR;
				CLANG_WARN_QUOTED_INCLUDE_IN_FRAMEWORK_HEADER = YES;
				CLANG_WARN_RANGE_LOOP_ANALYSIS = YES;
				CLANG_WARN_STRICT_PROTOTYPES = YES;
				CLANG_WARN_SUSPICIOUS_MOVE = YES;
				CLANG_WARN_UNGUARDED_AVAILABILITY = YES_AGGRESSIVE;
				CLANG_WARN_UNREACHABLE_CODE = YES;
				CLANG_WARN__DUPLICATE_METHOD_MATCH = YES;
				COPY_PHASE_STRIP = NO;
				DEBUG_INFORMATION_FORMAT = dwarf;
				ENABLE_STRICT_OBJC_MSGSEND = YES;
				ENABLE_TESTABILITY = YES;
				ENABLE_USER_SCRIPT_SANDBOXING = YES;
				GCC_C_LANGUAGE_STANDARD = gnu17;
				GCC_DYNAMIC_NO_PIC = NO;
				GCC_NO_COMMON_BLOCKS = YES;
				GCC_OPTIMIZATION_LEVEL = 0;
				GCC_PREPROCESSOR_DEFINITIONS = (
					"DEBUG=1",
					"$(inherited)",
				);
				GCC_WARN_64_TO_32_BIT_CONVERSION = YES;
				GCC_WARN_ABOUT_RETURN_TYPE = YES_ERROR;
				GCC_WARN_UNDECLARED_SELECTOR = YES;
				GCC_WARN_UNINITIALIZED_AUTOS = YES_AGGRESSIVE;
				GCC_WARN_UNUSED_FUNCTION = YES;
				GCC_WARN_UNUSED_VARIABLE = YES;
				IPHONEOS_DEPLOYMENT_TARGET = 17.5;
				LOCALIZATION_PREFERS_STRING_CATALOGS = YES;
				MTL_ENABLE_DEBUG_INFO = INCLUDE_SOURCE;
				MTL_FAST_MATH = YES;
				ONLY_ACTIVE_ARCH = YES;
				SDKROOT = iphoneos;
				SWIFT_ACTIVE_COMPILATION_CONDITIONS = "DEBUG $(inherited)";
				SWIFT_OPTIMIZATION_LEVEL = "-Onone";
			};
			name = Debug;
		};
		C78AE9A02FA2EA7A00948EB1 /* Release */ = {
			isa = XCBuildConfiguration;
			buildSettings = {
				ALWAYS_SEARCH_USER_PATHS = NO;
				ASSETCATALOG_COMPILER_GENERATE_SWIFT_ASSET_SYMBOL_EXTENSIONS = YES;
				CLANG_ANALYZER_NONNULL = YES;
				CLANG_ANALYZER_NUMBER_OBJECT_CONVERSION = YES_AGGRESSIVE;
				CLANG_CXX_LANGUAGE_STANDARD = "gnu++20";
				CLANG_ENABLE_MODULES = YES;
				CLANG_ENABLE_OBJC_ARC = YES;
				CLANG_ENABLE_OBJC_WEAK = YES;
				CLANG_WARN_BLOCK_CAPTURE_AUTORELEASING = YES;
				CLANG_WARN_BOOL_CONVERSION = YES;
				CLANG_WARN_COMMA = YES;
				CLANG_WARN_CONSTANT_CONVERSION = YES;
				CLANG_WARN_DEPRECATED_OBJC_IMPLEMENTATIONS = YES;
				CLANG_WARN_DIRECT_OBJC_ISA_USAGE = YES_ERROR;
				CLANG_WARN_DOCUMENTATION_COMMENTS = YES;
				CLANG_WARN_EMPTY_BODY = YES;
				CLANG_WARN_ENUM_CONVERSION = YES;
				CLANG_WARN_INFINITE_RECURSION = YES;
				CLANG_WARN_INT_CONVERSION = YES;
				CLANG_WARN_NON_LITERAL_NULL_CONVERSION = YES;
				CLANG_WARN_OBJC_IMPLICIT_RETAIN_SELF = YES;
				CLANG_WARN_OBJC_LITERAL_CONVERSION = YES;
				CLANG_WARN_OBJC_ROOT_CLASS = YES_ERROR;
				CLANG_WARN_QUOTED_INCLUDE_IN_FRAMEWORK_HEADER = YES;
				CLANG_WARN_RANGE_LOOP_ANALYSIS = YES;
				CLANG_WARN_STRICT_PROTOTYPES = YES;
				CLANG_WARN_SUSPICIOUS_MOVE = YES;
				CLANG_WARN_UNGUARDED_AVAILABILITY = YES_AGGRESSIVE;
				CLANG_WARN_UNREACHABLE_CODE = YES;
				CLANG_WARN__DUPLICATE_METHOD_MATCH = YES;
				COPY_PHASE_STRIP = NO;
				DEBUG_INFORMATION_FORMAT = "dwarf-with-dsym";
				ENABLE_NS_ASSERTIONS = NO;
				ENABLE_STRICT_OBJC_MSGSEND = YES;
				ENABLE_USER_SCRIPT_SANDBOXING = YES;
				GCC_C_LANGUAGE_STANDARD = gnu17;
				GCC_NO_COMMON_BLOCKS = YES;
				GCC_WARN_64_TO_32_BIT_CONVERSION = YES;
				GCC_WARN_ABOUT_RETURN_TYPE = YES_ERROR;
				GCC_WARN_UNDECLARED_SELECTOR = YES;
				GCC_WARN_UNINITIALIZED_AUTOS = YES_AGGRESSIVE;
				GCC_WARN_UNUSED_FUNCTION = YES;
				GCC_WARN_UNUSED_VARIABLE = YES;
				IPHONEOS_DEPLOYMENT_TARGET = 17.5;
				LOCALIZATION_PREFERS_STRING_CATALOGS = YES;
				MTL_ENABLE_DEBUG_INFO = NO;
				MTL_FAST_MATH = YES;
				SDKROOT = iphoneos;
				SWIFT_COMPILATION_MODE = wholemodule;
				VALIDATE_PRODUCT = YES;
			};
			name = Release;
		};
		C78AE9A22FA2EA7A00948EB1 /* Debug */ = {
			isa = XCBuildConfiguration;
			buildSettings = {
				ASSETCATALOG_COMPILER_APPICON_NAME = AppIcon;
				ASSETCATALOG_COMPILER_GLOBAL_ACCENT_COLOR_NAME = AccentColor;
				CODE_SIGN_STYLE = Automatic;
				CURRENT_PROJECT_VERSION = 1;
				DEVELOPMENT_TEAM = 7J58VMDCUU;
				GENERATE_INFOPLIST_FILE = YES;
				INFOPLIST_FILE = AddressesCatalog/Info.plist;
				INFOPLIST_KEY_UIApplicationSupportsIndirectInputEvents = YES;
				INFOPLIST_KEY_UILaunchStoryboardName = LaunchScreen;
				INFOPLIST_KEY_UISupportedInterfaceOrientations_iPad = "UIInterfaceOrientationPortrait UIInterfaceOrientationPortraitUpsideDown UIInterfaceOrientationLandscapeLeft UIInterfaceOrientationLandscapeRight";
				INFOPLIST_KEY_UISupportedInterfaceOrientations_iPhone = "UIInterfaceOrientationPortrait UIInterfaceOrientationLandscapeLeft UIInterfaceOrientationLandscapeRight";
				LD_RUNPATH_SEARCH_PATHS = (
					"$(inherited)",
					"@executable_path/Frameworks",
				);
				MARKETING_VERSION = 1.0;
				PRODUCT_BUNDLE_IDENTIFIER = com.sgpv.AddressesCatalog;
				PRODUCT_NAME = "$(TARGET_NAME)";
				SWIFT_EMIT_LOC_STRINGS = YES;
				SWIFT_VERSION = 5.0;
				TARGETED_DEVICE_FAMILY = "1,2";
			};
			name = Debug;
		};
		C78AE9A32FA2EA7A00948EB1 /* Release */ = {
			isa = XCBuildConfiguration;
			buildSettings = {
				ASSETCATALOG_COMPILER_APPICON_NAME = AppIcon;
				ASSETCATALOG_COMPILER_GLOBAL_ACCENT_COLOR_NAME = AccentColor;
				CODE_SIGN_STYLE = Automatic;
				CURRENT_PROJECT_VERSION = 1;
				DEVELOPMENT_TEAM = 7J58VMDCUU;
				GENERATE_INFOPLIST_FILE = YES;
				INFOPLIST_FILE = AddressesCatalog/Info.plist;
				INFOPLIST_KEY_UIApplicationSupportsIndirectInputEvents = YES;
				INFOPLIST_KEY_UILaunchStoryboardName = LaunchScreen;
				INFOPLIST_KEY_UISupportedInterfaceOrientations_iPad = "UIInterfaceOrientationPortrait UIInterfaceOrientationPortraitUpsideDown UIInterfaceOrientationLandscapeLeft UIInterfaceOrientationLandscapeRight";
				INFOPLIST_KEY_UISupportedInterfaceOrientations_iPhone = "UIInterfaceOrientationPortrait UIInterfaceOrientationLandscapeLeft UIInterfaceOrientationLandscapeRight";
				LD_RUNPATH_SEARCH_PATHS = (
					"$(inherited)",
					"@executable_path/Frameworks",
				);
				MARKETING_VERSION = 1.0;
				PRODUCT_BUNDLE_IDENTIFIER = com.sgpv.AddressesCatalog;
				PRODUCT_NAME = "$(TARGET_NAME)";
				SWIFT_EMIT_LOC_STRINGS = YES;
				SWIFT_VERSION = 5.0;
				TARGETED_DEVICE_FAMILY = "1,2";
			};
			name = Release;
		};
/* End XCBuildConfiguration section */

/* Begin XCConfigurationList section */
		C78AE9882FA2EA7800948EB1 /* Build configuration list for PBXProject "AddressesCatalog" */ = {
			isa = XCConfigurationList;
			buildConfigurations = (
				C78AE99F2FA2EA7A00948EB1 /* Debug */,
				C78AE9A02FA2EA7A00948EB1 /* Release */,
			);
			defaultConfigurationIsVisible = 0;
			defaultConfigurationName = Release;
		};
		C78AE9A12FA2EA7A00948EB1 /* Build configuration list for PBXNativeTarget "AddressesCatalog" */ = {
			isa = XCConfigurationList;
			buildConfigurations = (
				C78AE9A22FA2EA7A00948EB1 /* Debug */,
				C78AE9A32FA2EA7A00948EB1 /* Release */,
			);
			defaultConfigurationIsVisible = 0;
			defaultConfigurationName = Release;
		};
/* End XCConfigurationList section */
	};
	rootObject = C78AE9852FA2EA7800948EB1 /* Project object */;
}
